<?xml version="1.0" encoding="utf-8"?>
<Project ToolsVersion="4.0" xmlns="http://schemas.microsoft.com/developer/msbuild/2003">
  <ItemGroup>
    <Filter Include="Common">
      <UniqueIdentifier>ca7f9976-c405-43d9-a38b-5267b92f5981</UniqueIdentifier>
    </Filter>
    <Filter Include="Resources">
      <UniqueIdentifier>ba117523-e9d8-4778-86e0-397a18b41746</UniqueIdentifier>
      <Extensions>ico;cur;bmp;dds;dlg;fbx;rct;bin;rgs;gif;jpg;jpeg;jpe;resx;tga;tiff;tif;png;wav;mfcribbon-ms</Extensions>
    </Filter>
    <Filter Include="Framework">
      <UniqueIdentifier>{94e7b5cb-c8f6-43ef-b67a-572ad47d563e}</UniqueIdentifier>
    </Filter>
    <Filter Include="Shaders">
      <UniqueIdentifier>{86abb31e-c188-4e03-882a-f7bae5b663c6}</UniqueIdentifier>
    </Filter>
    <Filter Include="Widgets">
      <UniqueIdentifier>{aa5a9b48-90a5-43dd-a444-2c79011493d2}</UniqueIdentifier>
    </Filter>
    <Filter Include="Shaders\Compiled">
      <UniqueIdentifier>{6aa04b7c-11a8-4bad-abf4-0884f84d7c17}</UniqueIdentifier>
    </Filter>
    <Filter Include="Game Objects">
      <UniqueIdentifier>{691a9ec9-c002-4cc6-9d81-b2c4e04ed934}</UniqueIdentifier>
    </Filter>
  </ItemGroup>
  <ItemGroup>
    <ClInclude Include="StepTimer.h">
      <Filter>Common</Filter>
    </ClInclude>
    <ClInclude Include="DeviceResources.h">
      <Filter>Common</Filter>
    </ClInclude>
    <ClInclude Include="Game.h">
      <Filter>Framework</Filter>
    </ClInclude>
    <ClInclude Include="GameObject.h">
      <Filter>Framework</Filter>
    </ClInclude>
    <ClInclude Include="HUD.h">
      <Filter>Framework</Filter>
    </ClInclude>
    <ClInclude Include="Input.h">
      <Filter>Framework</Filter>
    </ClInclude>
    <ClInclude Include="RenderTexture.h">
      <Filter>Common</Filter>
    </ClInclude>
    <ClInclude Include="pch.h">
      <Filter>Common</Filter>
    </ClInclude>
    <ClInclude Include="SkyboxEffect.h">
      <Filter>Framework</Filter>
    </ClInclude>
    <ClInclude Include="Widget.h">
      <Filter>Framework</Filter>
    </ClInclude>
    <ClInclude Include="WidgetCrosshair.h">
      <Filter>Widgets</Filter>
    </ClInclude>
    <ClInclude Include="WidgetEngineStats.h">
      <Filter>Widgets</Filter>
    </ClInclude>
    <ClInclude Include="Spaceship.h">
      <Filter>Game Objects</Filter>
    </ClInclude>
    <ClInclude Include="Skybox.h">
      <Filter>Game Objects</Filter>
    </ClInclude>
    <ClInclude Include="Camera.h">
      <Filter>Game Objects</Filter>
    </ClInclude>
    <ClInclude Include="PlanetGenerator.h">
      <Filter>Game Objects</Filter>
    </ClInclude>
    <ClInclude Include="Environment.h">
      <Filter>Framework</Filter>
    </ClInclude>
    <ClInclude Include="Bloom.h">
      <Filter>Framework</Filter>
    </ClInclude>
    <ClInclude Include="FXAAPostProcess.h">
      <Filter>Framework</Filter>
    </ClInclude>
    <ClInclude Include="DemandCreate.h">
      <Filter>Common</Filter>
    </ClInclude>
    <ClInclude Include="AntiAliasing.h">
      <Filter>Framework</Filter>
    </ClInclude>
  </ItemGroup>
  <ItemGroup>
    <ClCompile Include="Main.cpp" />
    <ClCompile Include="DeviceResources.cpp">
      <Filter>Common</Filter>
    </ClCompile>
    <ClCompile Include="Game.cpp">
      <Filter>Framework</Filter>
    </ClCompile>
    <ClCompile Include="GameObject.cpp">
      <Filter>Framework</Filter>
    </ClCompile>
    <ClCompile Include="HUD.cpp">
      <Filter>Framework</Filter>
    </ClCompile>
    <ClCompile Include="Input.cpp">
      <Filter>Framework</Filter>
    </ClCompile>
    <ClCompile Include="RenderTexture.cpp">
      <Filter>Common</Filter>
    </ClCompile>
    <ClCompile Include="pch.cpp">
      <Filter>Common</Filter>
    </ClCompile>
    <ClCompile Include="SkyboxEffect.cpp">
      <Filter>Framework</Filter>
    </ClCompile>
    <ClCompile Include="Widget.cpp">
      <Filter>Framework</Filter>
    </ClCompile>
    <ClCompile Include="WidgetCrosshair.cpp">
      <Filter>Widgets</Filter>
    </ClCompile>
    <ClCompile Include="WidgetEngineStats.cpp">
      <Filter>Widgets</Filter>
    </ClCompile>
    <ClCompile Include="Spaceship.cpp">
      <Filter>Game Objects</Filter>
    </ClCompile>
    <ClCompile Include="Skybox.cpp">
      <Filter>Game Objects</Filter>
    </ClCompile>
    <ClCompile Include="Camera.cpp">
      <Filter>Game Objects</Filter>
    </ClCompile>
    <ClCompile Include="PlanetGenerator.cpp">
      <Filter>Game Objects</Filter>
    </ClCompile>
    <ClCompile Include="Environment.cpp">
      <Filter>Framework</Filter>
    </ClCompile>
    <ClCompile Include="Bloom.cpp">
      <Filter>Framework</Filter>
    </ClCompile>
    <ClCompile Include="FXAAPostProcess.cpp">
      <Filter>Framework</Filter>
    </ClCompile>
    <ClCompile Include="AntiAliasing.cpp">
      <Filter>Framework</Filter>
    </ClCompile>
  </ItemGroup>
  <ItemGroup>
    <ResourceCompile Include="resource.rc" />
  </ItemGroup>
  <ItemGroup>
    <Image Include="spacegame.ico">
      <Filter>Resources</Filter>
    </Image>
  </ItemGroup>
  <ItemGroup>
    <Manifest Include="settings.manifest">
      <Filter>Resources</Filter>
    </Manifest>
  </ItemGroup>
  <ItemGroup>
    <None Include=".clang-format" />
    <None Include="packages.config" />
    <None Include="Shaders\SkyboxEffect_Common.hlsli">
      <Filter>Shaders</Filter>
    </None>
    <None Include="Shaders\Compiled\SkyboxEffect_PS.inc">
      <Filter>Shaders\Compiled</Filter>
    </None>
    <None Include="Shaders\Compiled\SkyboxEffect_VS.inc">
      <Filter>Shaders\Compiled</Filter>
    </None>
    <None Include="Shaders\Structures.hlsli">
      <Filter>Shaders</Filter>
    </None>
    <None Include="Shaders\Compiled\FXAA_PS.inc">
      <Filter>Shaders\Compiled</Filter>
    </None>
    <None Include="Shaders\Compiled\FXAA_VS.inc">
      <Filter>Shaders\Compiled</Filter>
    </None>
  </ItemGroup>
  <ItemGroup>
    <FxCompile Include="Shaders\SkyboxEffect_PS.hlsl">
      <Filter>Shaders</Filter>
    </FxCompile>
    <FxCompile Include="Shaders\SkyboxEffect_VS.hlsl">
      <Filter>Shaders</Filter>
    </FxCompile>
    <FxCompile Include="Shaders\FXAA_PS.hlsl">
      <Filter>Shaders</Filter>
    </FxCompile>
    <FxCompile Include="Shaders\FXAA_VS.hlsl">
      <Filter>Shaders</Filter>
    </FxCompile>
  </ItemGroup>
</Project>